
Microsoft Visual Studio Solution File, Format Version 12.00
# Visual Studio 2017
Project("{FAE04EC0-301F-11D3-BF4B-00C04F79EFBC}") = "AR Praxisseminar", "AR Praxisseminar.csproj", "{6C9219B2-E42F-580E-1830-BC2C6138AE7A}"
EndProject
Project("{FAE04EC0-301F-11D3-BF4B-00C04F79EFBC}") = "AR Praxisseminar.Editor", "AR Praxisseminar.Editor.csproj", "{6897ADD7-9F4F-5A16-7CB1-A86C66336ED9}"
EndProject
Global
	GlobalSection(SolutionConfigurationPlatforms) = preSolution
		Debug|Any CPU = Debug|Any CPU
		Release|Any CPU = Release|Any CPU
	EndGlobalSection
	GlobalSection(ProjectConfigurationPlatforms) = postSolution
		{6C9219B2-E42F-580E-1830-BC2C6138AE7A}.Debug|Any CPU.ActiveCfg = Debug|Any CPU
		{6C9219B2-E42F-580E-1830-BC2C6138AE7A}.Debug|Any CPU.Build.0 = Debug|Any CPU
		{6C9219B2-E42F-580E-1830-BC2C6138AE7A}.Release|Any CPU.ActiveCfg = Release|Any CPU
		{6C9219B2-E42F-580E-1830-BC2C6138AE7A}.Release|Any CPU.Build.0 = Release|Any CPU
		{6897ADD7-9F4F-5A16-7CB1-A86C66336ED9}.Debug|Any CPU.ActiveCfg = Debug|Any CPU
		{6897ADD7-9F4F-5A16-7CB1-A86C66336ED9}.Debug|Any CPU.Build.0 = Debug|Any CPU
		{6897ADD7-9F4F-5A16-7CB1-A86C66336ED9}.Release|Any CPU.ActiveCfg = Release|Any CPU
		{6897ADD7-9F4F-5A16-7CB1-A86C66336ED9}.Release|Any CPU.Build.0 = Release|Any CPU
	EndGlobalSection
	GlobalSection(SolutionProperties) = preSolution
		HideSolutionNode = FALSE
	EndGlobalSection
EndGlobal
